
Microsoft Visual Studio Solution File, Format Version 12.00
# Visual Studio Version 17
VisualStudioVersion = 17.8.34330.188
MinimumVisualStudioVersion = 10.0.40219.1
Project("{9A19103F-16F7-4668-BE54-9A1E7A4F7556}") = "MyApi", "MyApi.csproj", "{C3FE1C0A-4432-482D-ACCC-DA8BEEF6489F}"
EndProject
Global
	GlobalSection(SolutionConfigurationPlatforms) = preSolution
		Debug|Any CPU = Debug|Any CPU
		Release|Any CPU = Release|Any CPU
	EndGlobalSection
	GlobalSection(ProjectConfigurationPlatforms) = postSolution
		{C3FE1C0A-4432-482D-ACCC-DA8BEEF6489F}.Debug|Any CPU.ActiveCfg = Debug|Any CPU
		{C3FE1C0A-4432-482D-ACCC-DA8BEEF6489F}.Debug|Any CPU.Build.0 = Debug|Any CPU
		{C3FE1C0A-4432-482D-ACCC-DA8BEEF6489F}.Release|Any CPU.ActiveCfg = Release|Any CPU
		{C3FE1C0A-4432-482D-ACCC-DA8BEEF6489F}.Release|Any CPU.Build.0 = Release|Any CPU
	EndGlobalSection
	GlobalSection(SolutionProperties) = preSolution
		HideSolutionNode = FALSE
	EndGlobalSection
	GlobalSection(ExtensibilityGlobals) = postSolution
		SolutionGuid = {29A075D0-60B4-4B34-9CB2-6B9BCD9C46FB}
	EndGlobalSection
EndGlobal
